
Microsoft Visual Studio Solution File, Format Version 12.00
# Visual Studio 15
VisualStudioVersion = 15.0.28307.1525
MinimumVisualStudioVersion = 10.0.40219.1
Project("{FAE04EC0-301F-11D3-BF4B-00C04F79EFBC}") = "array", "array\array.csproj", "{AD7CC39D-4595-4605-9E5A-9785A4818065}"
EndProject
Global
	GlobalSection(SolutionConfigurationPlatforms) = preSolution
		Debug|Any CPU = Debug|Any CPU
		Release|Any CPU = Release|Any CPU
	EndGlobalSection
	GlobalSection(ProjectConfigurationPlatforms) = postSolution
		{AD7CC39D-4595-4605-9E5A-9785A4818065}.Debug|Any CPU.ActiveCfg = Debug|Any CPU
		{AD7CC39D-4595-4605-9E5A-9785A4818065}.Debug|Any CPU.Build.0 = Debug|Any CPU
		{AD7CC39D-4595-4605-9E5A-9785A4818065}.Release|Any CPU.ActiveCfg = Release|Any CPU
		{AD7CC39D-4595-4605-9E5A-9785A4818065}.Release|Any CPU.Build.0 = Release|Any CPU
	EndGlobalSection
	GlobalSection(SolutionProperties) = preSolution
		HideSolutionNode = FALSE
	EndGlobalSection
	GlobalSection(ExtensibilityGlobals) = postSolution
		SolutionGuid = {42E9B0D6-E5E7-4C1C-B03D-78907C94A706}
	EndGlobalSection
EndGlobal
