
Microsoft Visual Studio Solution File, Format Version 12.00
# Visual Studio 15
VisualStudioVersion = 15.0.28307.1525
MinimumVisualStudioVersion = 10.0.40219.1
Project("{FAE04EC0-301F-11D3-BF4B-00C04F79EFBC}") = "scroll", "scroll\scroll.csproj", "{38B2747E-35F7-4B27-8D9A-EFFBEE5EB31B}"
EndProject
Global
	GlobalSection(SolutionConfigurationPlatforms) = preSolution
		Debug|Any CPU = Debug|Any CPU
		Release|Any CPU = Release|Any CPU
	EndGlobalSection
	GlobalSection(ProjectConfigurationPlatforms) = postSolution
		{38B2747E-35F7-4B27-8D9A-EFFBEE5EB31B}.Debug|Any CPU.ActiveCfg = Debug|Any CPU
		{38B2747E-35F7-4B27-8D9A-EFFBEE5EB31B}.Debug|Any CPU.Build.0 = Debug|Any CPU
		{38B2747E-35F7-4B27-8D9A-EFFBEE5EB31B}.Release|Any CPU.ActiveCfg = Release|Any CPU
		{38B2747E-35F7-4B27-8D9A-EFFBEE5EB31B}.Release|Any CPU.Build.0 = Release|Any CPU
	EndGlobalSection
	GlobalSection(SolutionProperties) = preSolution
		HideSolutionNode = FALSE
	EndGlobalSection
	GlobalSection(ExtensibilityGlobals) = postSolution
		SolutionGuid = {9A3A101E-C293-4854-A303-1602EFD72B75}
	EndGlobalSection
EndGlobal
