
Microsoft Visual Studio Solution File, Format Version 12.00
# Visual Studio 15
VisualStudioVersion = 15.0.28307.1525
MinimumVisualStudioVersion = 10.0.40219.1
Project("{FAE04EC0-301F-11D3-BF4B-00C04F79EFBC}") = "Manajemen Gudang", "Manajemen Gudang\Manajemen Gudang.csproj", "{A1B7223B-0C95-4701-A52F-994B67FFC475}"
EndProject
Global
	GlobalSection(SolutionConfigurationPlatforms) = preSolution
		Debug|Any CPU = Debug|Any CPU
		Release|Any CPU = Release|Any CPU
	EndGlobalSection
	GlobalSection(ProjectConfigurationPlatforms) = postSolution
		{A1B7223B-0C95-4701-A52F-994B67FFC475}.Debug|Any CPU.ActiveCfg = Debug|Any CPU
		{A1B7223B-0C95-4701-A52F-994B67FFC475}.Debug|Any CPU.Build.0 = Debug|Any CPU
		{A1B7223B-0C95-4701-A52F-994B67FFC475}.Release|Any CPU.ActiveCfg = Release|Any CPU
		{A1B7223B-0C95-4701-A52F-994B67FFC475}.Release|Any CPU.Build.0 = Release|Any CPU
	EndGlobalSection
	GlobalSection(SolutionProperties) = preSolution
		HideSolutionNode = FALSE
	EndGlobalSection
	GlobalSection(ExtensibilityGlobals) = postSolution
		SolutionGuid = {DF3F05DD-4137-443C-9FDD-A92BD9F4ABE8}
	EndGlobalSection
EndGlobal
