
Microsoft Visual Studio Solution File, Format Version 12.00
# Visual Studio 15
VisualStudioVersion = 15.0.28307.1525
MinimumVisualStudioVersion = 10.0.40219.1
Project("{FAE04EC0-301F-11D3-BF4B-00C04F79EFBC}") = "ConsoleApp", "ConsoleApp\ConsoleApp.csproj", "{34E4294A-9818-495E-9E8F-A6E229CC7F8A}"
EndProject
Global
	GlobalSection(SolutionConfigurationPlatforms) = preSolution
		Debug|Any CPU = Debug|Any CPU
		Release|Any CPU = Release|Any CPU
	EndGlobalSection
	GlobalSection(ProjectConfigurationPlatforms) = postSolution
		{34E4294A-9818-495E-9E8F-A6E229CC7F8A}.Debug|Any CPU.ActiveCfg = Debug|Any CPU
		{34E4294A-9818-495E-9E8F-A6E229CC7F8A}.Debug|Any CPU.Build.0 = Debug|Any CPU
		{34E4294A-9818-495E-9E8F-A6E229CC7F8A}.Release|Any CPU.ActiveCfg = Release|Any CPU
		{34E4294A-9818-495E-9E8F-A6E229CC7F8A}.Release|Any CPU.Build.0 = Release|Any CPU
	EndGlobalSection
	GlobalSection(SolutionProperties) = preSolution
		HideSolutionNode = FALSE
	EndGlobalSection
	GlobalSection(ExtensibilityGlobals) = postSolution
		SolutionGuid = {39C0B569-122B-44E6-8FD0-7E878522A020}
	EndGlobalSection
EndGlobal
