
Microsoft Visual Studio Solution File, Format Version 12.00
# Visual Studio 15
VisualStudioVersion = 15.0.28307.1525
MinimumVisualStudioVersion = 10.0.40219.1
Project("{FAE04EC0-301F-11D3-BF4B-00C04F79EFBC}") = "wajik", "wajik\wajik.csproj", "{D2A7AE30-1448-49AE-B8D6-9979949BAEE9}"
EndProject
Global
	GlobalSection(SolutionConfigurationPlatforms) = preSolution
		Debug|Any CPU = Debug|Any CPU
		Release|Any CPU = Release|Any CPU
	EndGlobalSection
	GlobalSection(ProjectConfigurationPlatforms) = postSolution
		{D2A7AE30-1448-49AE-B8D6-9979949BAEE9}.Debug|Any CPU.ActiveCfg = Debug|Any CPU
		{D2A7AE30-1448-49AE-B8D6-9979949BAEE9}.Debug|Any CPU.Build.0 = Debug|Any CPU
		{D2A7AE30-1448-49AE-B8D6-9979949BAEE9}.Release|Any CPU.ActiveCfg = Release|Any CPU
		{D2A7AE30-1448-49AE-B8D6-9979949BAEE9}.Release|Any CPU.Build.0 = Release|Any CPU
	EndGlobalSection
	GlobalSection(SolutionProperties) = preSolution
		HideSolutionNode = FALSE
	EndGlobalSection
	GlobalSection(ExtensibilityGlobals) = postSolution
		SolutionGuid = {94868DD9-C250-4EE1-9958-560C788261D4}
	EndGlobalSection
EndGlobal
