
Microsoft Visual Studio Solution File, Format Version 12.00
# Visual Studio 15
VisualStudioVersion = 15.0.28307.1525
MinimumVisualStudioVersion = 10.0.40219.1
Project("{FAE04EC0-301F-11D3-BF4B-00C04F79EFBC}") = "Hitung_Bangun", "Hitung_Bangun\Hitung_Bangun.csproj", "{EE16B7A8-9370-4230-AEC9-1BA5668DE805}"
EndProject
Global
	GlobalSection(SolutionConfigurationPlatforms) = preSolution
		Debug|Any CPU = Debug|Any CPU
		Release|Any CPU = Release|Any CPU
	EndGlobalSection
	GlobalSection(ProjectConfigurationPlatforms) = postSolution
		{EE16B7A8-9370-4230-AEC9-1BA5668DE805}.Debug|Any CPU.ActiveCfg = Debug|Any CPU
		{EE16B7A8-9370-4230-AEC9-1BA5668DE805}.Debug|Any CPU.Build.0 = Debug|Any CPU
		{EE16B7A8-9370-4230-AEC9-1BA5668DE805}.Release|Any CPU.ActiveCfg = Release|Any CPU
		{EE16B7A8-9370-4230-AEC9-1BA5668DE805}.Release|Any CPU.Build.0 = Release|Any CPU
	EndGlobalSection
	GlobalSection(SolutionProperties) = preSolution
		HideSolutionNode = FALSE
	EndGlobalSection
	GlobalSection(ExtensibilityGlobals) = postSolution
		SolutionGuid = {8B2D0E99-0712-4053-B9C4-1CFF20DC6300}
	EndGlobalSection
EndGlobal
